
Microsoft Visual Studio Solution File, Format Version 12.00
# Visual Studio Version 16
VisualStudioVersion = 16.0.30717.126
MinimumVisualStudioVersion = 10.0.40219.1
Project("{FAE04EC0-301F-11D3-BF4B-00C04F79EFBC}") = "StressManagement.Android", "StressManagement\StressManagement.Android\StressManagement.Android.csproj", "{E75F55FC-02FE-4167-B805-6A894283B976}"
EndProject
Project("{FAE04EC0-301F-11D3-BF4B-00C04F79EFBC}") = "StressManagement.iOS", "StressManagement\StressManagement.iOS\StressManagement.iOS.csproj", "{AD5862CA-C9A1-44D3-8EB4-E353BA4232E2}"
EndProject
Project("{FAE04EC0-301F-11D3-BF4B-00C04F79EFBC}") = "StressManagement", "StressManagement\StressManagement\StressManagement.csproj", "{270FAED7-3BE5-4402-8C06-00DC7C20F894}"
EndProject
Global
	GlobalSection(SolutionConfigurationPlatforms) = preSolution
		Debug|Any CPU = Debug|Any CPU
		Debug|iPhone = Debug|iPhone
		Debug|iPhoneSimulator = Debug|iPhoneSimulator
		Release|Any CPU = Release|Any CPU
		Release|iPhone = Release|iPhone
		Release|iPhoneSimulator = Release|iPhoneSimulator
	EndGlobalSection
	GlobalSection(ProjectConfigurationPlatforms) = postSolution
		{E75F55FC-02FE-4167-B805-6A894283B976}.Debug|Any CPU.ActiveCfg = Debug|Any CPU
		{E75F55FC-02FE-4167-B805-6A894283B976}.Debug|Any CPU.Build.0 = Debug|Any CPU
		{E75F55FC-02FE-4167-B805-6A894283B976}.Debug|Any CPU.Deploy.0 = Debug|Any CPU
		{E75F55FC-02FE-4167-B805-6A894283B976}.Debug|iPhone.ActiveCfg = Debug|Any CPU
		{E75F55FC-02FE-4167-B805-6A894283B976}.Debug|iPhone.Build.0 = Debug|Any CPU
		{E75F55FC-02FE-4167-B805-6A894283B976}.Debug|iPhone.Deploy.0 = Debug|Any CPU
		{E75F55FC-02FE-4167-B805-6A894283B976}.Debug|iPhoneSimulator.ActiveCfg = Debug|Any CPU
		{E75F55FC-02FE-4167-B805-6A894283B976}.Debug|iPhoneSimulator.Build.0 = Debug|Any CPU
		{E75F55FC-02FE-4167-B805-6A894283B976}.Debug|iPhoneSimulator.Deploy.0 = Debug|Any CPU
		{E75F55FC-02FE-4167-B805-6A894283B976}.Release|Any CPU.ActiveCfg = Release|Any CPU
		{E75F55FC-02FE-4167-B805-6A894283B976}.Release|Any CPU.Build.0 = Release|Any CPU
		{E75F55FC-02FE-4167-B805-6A894283B976}.Release|Any CPU.Deploy.0 = Release|Any CPU
		{E75F55FC-02FE-4167-B805-6A894283B976}.Release|iPhone.ActiveCfg = Release|Any CPU
		{E75F55FC-02FE-4167-B805-6A894283B976}.Release|iPhone.Build.0 = Release|Any CPU
		{E75F55FC-02FE-4167-B805-6A894283B976}.Release|iPhone.Deploy.0 = Release|Any CPU
		{E75F55FC-02FE-4167-B805-6A894283B976}.Release|iPhoneSimulator.ActiveCfg = Release|Any CPU
		{E75F55FC-02FE-4167-B805-6A894283B976}.Release|iPhoneSimulator.Build.0 = Release|Any CPU
		{E75F55FC-02FE-4167-B805-6A894283B976}.Release|iPhoneSimulator.Deploy.0 = Release|Any CPU
		{AD5862CA-C9A1-44D3-8EB4-E353BA4232E2}.Debug|Any CPU.ActiveCfg = Debug|iPhone
		{AD5862CA-C9A1-44D3-8EB4-E353BA4232E2}.Debug|Any CPU.Build.0 = Debug|iPhone
		{AD5862CA-C9A1-44D3-8EB4-E353BA4232E2}.Debug|Any CPU.Deploy.0 = Debug|iPhone
		{AD5862CA-C9A1-44D3-8EB4-E353BA4232E2}.Debug|iPhone.ActiveCfg = Debug|iPhone
		{AD5862CA-C9A1-44D3-8EB4-E353BA4232E2}.Debug|iPhone.Build.0 = Debug|iPhone
		{AD5862CA-C9A1-44D3-8EB4-E353BA4232E2}.Debug|iPhone.Deploy.0 = Debug|iPhone
		{AD5862CA-C9A1-44D3-8EB4-E353BA4232E2}.Debug|iPhoneSimulator.ActiveCfg = Debug|iPhoneSimulator
		{AD5862CA-C9A1-44D3-8EB4-E353BA4232E2}.Debug|iPhoneSimulator.Build.0 = Debug|iPhoneSimulator
		{AD5862CA-C9A1-44D3-8EB4-E353BA4232E2}.Debug|iPhoneSimulator.Deploy.0 = Debug|iPhoneSimulator
		{AD5862CA-C9A1-44D3-8EB4-E353BA4232E2}.Release|Any CPU.ActiveCfg = Release|iPhoneSimulator
		{AD5862CA-C9A1-44D3-8EB4-E353BA4232E2}.Release|Any CPU.Build.0 = Release|iPhoneSimulator
		{AD5862CA-C9A1-44D3-8EB4-E353BA4232E2}.Release|Any CPU.Deploy.0 = Release|iPhoneSimulator
		{AD5862CA-C9A1-44D3-8EB4-E353BA4232E2}.Release|iPhone.ActiveCfg = Release|iPhone
		{AD5862CA-C9A1-44D3-8EB4-E353BA4232E2}.Release|iPhone.Build.0 = Release|iPhone
		{AD5862CA-C9A1-44D3-8EB4-E353BA4232E2}.Release|iPhone.Deploy.0 = Release|iPhone
		{AD5862CA-C9A1-44D3-8EB4-E353BA4232E2}.Release|iPhoneSimulator.ActiveCfg = Release|iPhoneSimulator
		{AD5862CA-C9A1-44D3-8EB4-E353BA4232E2}.Release|iPhoneSimulator.Build.0 = Release|iPhoneSimulator
		{AD5862CA-C9A1-44D3-8EB4-E353BA4232E2}.Release|iPhoneSimulator.Deploy.0 = Release|iPhoneSimulator
		{270FAED7-3BE5-4402-8C06-00DC7C20F894}.Debug|Any CPU.ActiveCfg = Debug|Any CPU
		{270FAED7-3BE5-4402-8C06-00DC7C20F894}.Debug|Any CPU.Build.0 = Debug|Any CPU
		{270FAED7-3BE5-4402-8C06-00DC7C20F894}.Debug|Any CPU.Deploy.0 = Debug|Any CPU
		{270FAED7-3BE5-4402-8C06-00DC7C20F894}.Debug|iPhone.ActiveCfg = Debug|Any CPU
		{270FAED7-3BE5-4402-8C06-00DC7C20F894}.Debug|iPhone.Build.0 = Debug|Any CPU
		{270FAED7-3BE5-4402-8C06-00DC7C20F894}.Debug|iPhone.Deploy.0 = Debug|Any CPU
		{270FAED7-3BE5-4402-8C06-00DC7C20F894}.Debug|iPhoneSimulator.ActiveCfg = Debug|Any CPU
		{270FAED7-3BE5-4402-8C06-00DC7C20F894}.Debug|iPhoneSimulator.Build.0 = Debug|Any CPU
		{270FAED7-3BE5-4402-8C06-00DC7C20F894}.Debug|iPhoneSimulator.Deploy.0 = Debug|Any CPU
		{270FAED7-3BE5-4402-8C06-00DC7C20F894}.Release|Any CPU.ActiveCfg = Release|Any CPU
		{270FAED7-3BE5-4402-8C06-00DC7C20F894}.Release|Any CPU.Build.0 = Release|Any CPU
		{270FAED7-3BE5-4402-8C06-00DC7C20F894}.Release|Any CPU.Deploy.0 = Release|Any CPU
		{270FAED7-3BE5-4402-8C06-00DC7C20F894}.Release|iPhone.ActiveCfg = Release|Any CPU
		{270FAED7-3BE5-4402-8C06-00DC7C20F894}.Release|iPhone.Build.0 = Release|Any CPU
		{270FAED7-3BE5-4402-8C06-00DC7C20F894}.Release|iPhone.Deploy.0 = Release|Any CPU
		{270FAED7-3BE5-4402-8C06-00DC7C20F894}.Release|iPhoneSimulator.ActiveCfg = Release|Any CPU
		{270FAED7-3BE5-4402-8C06-00DC7C20F894}.Release|iPhoneSimulator.Build.0 = Release|Any CPU
		{270FAED7-3BE5-4402-8C06-00DC7C20F894}.Release|iPhoneSimulator.Deploy.0 = Release|Any CPU
	EndGlobalSection
	GlobalSection(SolutionProperties) = preSolution
		HideSolutionNode = FALSE
	EndGlobalSection
	GlobalSection(ExtensibilityGlobals) = postSolution
		SolutionGuid = {7968D4B3-EC33-49B9-9E68-8B545C373D1B}
	EndGlobalSection
EndGlobal
